
Microsoft Visual Studio Solution File, Format Version 12.00
# Visual Studio Version 17
VisualStudioVersion = 17.11.35327.3
MinimumVisualStudioVersion = 10.0.40219.1
Project("{FAE04EC0-301F-11D3-BF4B-00C04F79EFBC}") = "Trello", "Trello.csproj", "{BCFF4081-1B23-42F8-A147-77E5B388A6EB}"
EndProject
Global
	GlobalSection(SolutionConfigurationPlatforms) = preSolution
		Debug|Any CPU = Debug|Any CPU
		Release|Any CPU = Release|Any CPU
	EndGlobalSection
	GlobalSection(ProjectConfigurationPlatforms) = postSolution
		{BCFF4081-1B23-42F8-A147-77E5B388A6EB}.Debug|Any CPU.ActiveCfg = Debug|Any CPU
		{BCFF4081-1B23-42F8-A147-77E5B388A6EB}.Debug|Any CPU.Build.0 = Debug|Any CPU
		{BCFF4081-1B23-42F8-A147-77E5B388A6EB}.Release|Any CPU.ActiveCfg = Release|Any CPU
		{BCFF4081-1B23-42F8-A147-77E5B388A6EB}.Release|Any CPU.Build.0 = Release|Any CPU
	EndGlobalSection
	GlobalSection(SolutionProperties) = preSolution
		HideSolutionNode = FALSE
	EndGlobalSection
	GlobalSection(ExtensibilityGlobals) = postSolution
		SolutionGuid = {94017779-2D2A-4797-AC00-FEA42FD08630}
	EndGlobalSection
EndGlobal
